
Microsoft Visual Studio Solution File, Format Version 12.00
# Visual Studio Version 16
VisualStudioVersion = 16.0.31205.134
MinimumVisualStudioVersion = 10.0.40219.1
Project("{FAE04EC0-301F-11D3-BF4B-00C04F79EFBC}") = "TP3-Proyecto Software", "TP3-Proyecto Software\TP3-Proyecto Software.csproj", "{975C2F57-E961-4DE0-B252-D2A510CF6CD6}"
EndProject
Global
	GlobalSection(SolutionConfigurationPlatforms) = preSolution
		Debug|Any CPU = Debug|Any CPU
		Release|Any CPU = Release|Any CPU
	EndGlobalSection
	GlobalSection(ProjectConfigurationPlatforms) = postSolution
		{975C2F57-E961-4DE0-B252-D2A510CF6CD6}.Debug|Any CPU.ActiveCfg = Debug|Any CPU
		{975C2F57-E961-4DE0-B252-D2A510CF6CD6}.Debug|Any CPU.Build.0 = Debug|Any CPU
		{975C2F57-E961-4DE0-B252-D2A510CF6CD6}.Release|Any CPU.ActiveCfg = Release|Any CPU
		{975C2F57-E961-4DE0-B252-D2A510CF6CD6}.Release|Any CPU.Build.0 = Release|Any CPU
	EndGlobalSection
	GlobalSection(SolutionProperties) = preSolution
		HideSolutionNode = FALSE
	EndGlobalSection
	GlobalSection(ExtensibilityGlobals) = postSolution
		SolutionGuid = {1B413098-CA6C-431C-BACE-63C7973E707F}
	EndGlobalSection
EndGlobal
